
Microsoft Visual Studio Solution File, Format Version 12.00
# Visual Studio 14
VisualStudioVersion = 14.0.24720.0
MinimumVisualStudioVersion = 10.0.40219.1
Project("{FAE04EC0-301F-11D3-BF4B-00C04F79EFBC}") = "VisPinNet", "VisPinNet\VisPinNet.csproj", "{16C471F3-0084-415F-910F-668ACC656795}"
EndProject
Project("{FAE04EC0-301F-11D3-BF4B-00C04F79EFBC}") = "VPTable", "VPTable\VPTable.csproj", "{BA45A0E1-D194-471E-9004-A9BDA01303AB}"
EndProject
Project("{FAE04EC0-301F-11D3-BF4B-00C04F79EFBC}") = "VPTools", "VPTools\VPTools.csproj", "{5FA32432-67A0-4AA0-BDB2-450DB734E16F}"
EndProject
Project("{FAE04EC0-301F-11D3-BF4B-00C04F79EFBC}") = "VPTableDoctor", "VPTableDoctor\VPTableDoctor.csproj", "{17D591AD-12B6-4652-B6B7-4A7E489F2265}"
EndProject
Global
	GlobalSection(SolutionConfigurationPlatforms) = preSolution
		Debug|Any CPU = Debug|Any CPU
		Release|Any CPU = Release|Any CPU
	EndGlobalSection
	GlobalSection(ProjectConfigurationPlatforms) = postSolution
		{16C471F3-0084-415F-910F-668ACC656795}.Debug|Any CPU.ActiveCfg = Debug|Any CPU
		{16C471F3-0084-415F-910F-668ACC656795}.Debug|Any CPU.Build.0 = Debug|Any CPU
		{16C471F3-0084-415F-910F-668ACC656795}.Release|Any CPU.ActiveCfg = Release|Any CPU
		{16C471F3-0084-415F-910F-668ACC656795}.Release|Any CPU.Build.0 = Release|Any CPU
		{BA45A0E1-D194-471E-9004-A9BDA01303AB}.Debug|Any CPU.ActiveCfg = Debug|Any CPU
		{BA45A0E1-D194-471E-9004-A9BDA01303AB}.Debug|Any CPU.Build.0 = Debug|Any CPU
		{BA45A0E1-D194-471E-9004-A9BDA01303AB}.Release|Any CPU.ActiveCfg = Release|Any CPU
		{BA45A0E1-D194-471E-9004-A9BDA01303AB}.Release|Any CPU.Build.0 = Release|Any CPU
		{5FA32432-67A0-4AA0-BDB2-450DB734E16F}.Debug|Any CPU.ActiveCfg = Debug|Any CPU
		{5FA32432-67A0-4AA0-BDB2-450DB734E16F}.Debug|Any CPU.Build.0 = Debug|Any CPU
		{5FA32432-67A0-4AA0-BDB2-450DB734E16F}.Release|Any CPU.ActiveCfg = Release|Any CPU
		{5FA32432-67A0-4AA0-BDB2-450DB734E16F}.Release|Any CPU.Build.0 = Release|Any CPU
		{17D591AD-12B6-4652-B6B7-4A7E489F2265}.Debug|Any CPU.ActiveCfg = Debug|Any CPU
		{17D591AD-12B6-4652-B6B7-4A7E489F2265}.Debug|Any CPU.Build.0 = Debug|Any CPU
		{17D591AD-12B6-4652-B6B7-4A7E489F2265}.Release|Any CPU.ActiveCfg = Release|Any CPU
		{17D591AD-12B6-4652-B6B7-4A7E489F2265}.Release|Any CPU.Build.0 = Release|Any CPU
	EndGlobalSection
	GlobalSection(SolutionProperties) = preSolution
		HideSolutionNode = FALSE
	EndGlobalSection
EndGlobal
